
Microsoft Visual Studio Solution File, Format Version 12.00
# Visual Studio Express 2012 for Web
Project("{FAE04EC0-301F-11D3-BF4B-00C04F79EFBC}") = "LockFreeEnumerable", "LockFreeEnumerable\LockFreeEnumerable.csproj", "{F87D7AC1-79B4-40C8-A82A-43DD6E3E352A}"
EndProject
Project("{FAE04EC0-301F-11D3-BF4B-00C04F79EFBC}") = "LockFreeEnumerable.Test", "LockFreeEnumerable.Test\LockFreeEnumerable.Test.csproj", "{A90A9F20-E1F8-4AC3-BC5F-ABAD3C978138}"
EndProject
Global
	GlobalSection(SolutionConfigurationPlatforms) = preSolution
		Debug|Any CPU = Debug|Any CPU
		Release|Any CPU = Release|Any CPU
	EndGlobalSection
	GlobalSection(ProjectConfigurationPlatforms) = postSolution
		{F87D7AC1-79B4-40C8-A82A-43DD6E3E352A}.Debug|Any CPU.ActiveCfg = Debug|Any CPU
		{F87D7AC1-79B4-40C8-A82A-43DD6E3E352A}.Debug|Any CPU.Build.0 = Debug|Any CPU
		{F87D7AC1-79B4-40C8-A82A-43DD6E3E352A}.Release|Any CPU.ActiveCfg = Release|Any CPU
		{F87D7AC1-79B4-40C8-A82A-43DD6E3E352A}.Release|Any CPU.Build.0 = Release|Any CPU
		{A90A9F20-E1F8-4AC3-BC5F-ABAD3C978138}.Debug|Any CPU.ActiveCfg = Debug|Any CPU
		{A90A9F20-E1F8-4AC3-BC5F-ABAD3C978138}.Debug|Any CPU.Build.0 = Debug|Any CPU
		{A90A9F20-E1F8-4AC3-BC5F-ABAD3C978138}.Release|Any CPU.ActiveCfg = Release|Any CPU
		{A90A9F20-E1F8-4AC3-BC5F-ABAD3C978138}.Release|Any CPU.Build.0 = Release|Any CPU
	EndGlobalSection
	GlobalSection(SolutionProperties) = preSolution
		HideSolutionNode = FALSE
	EndGlobalSection
EndGlobal
